{
  "name": "@msg-labs/ts-seed",
  "version": "1.1.0",
  "lockfileVersion": 1,
  "dependencies": {
    "commander": {
      "version": "https://registry.npmjs.org/commander/-/commander-2.9.0.tgz",
      "integrity": "sha1-nJkJQXbhIkDLItbFFGCYQA/g99Q="
    },
    "git-config": {
      "version": "https://registry.npmjs.org/git-config/-/git-config-0.0.7.tgz",
      "integrity": "sha1-qcij7wendsPXImE1bYtye2IgKyg="
    },
    "graceful-readlink": {
      "version": "https://registry.npmjs.org/graceful-readlink/-/graceful-readlink-1.0.1.tgz",
      "integrity": "sha1-TK+tdrxi8C+gObL5Tpo906ORpyU="
    },
    "iniparser": {
      "version": "https://registry.npmjs.org/iniparser/-/iniparser-1.0.5.tgz",
      "integrity": "sha1-g21r7+bfv87gvM8c+fKsxwJ/eD0="
    },
    "minimist": {
      "version": "https://registry.npmjs.org/minimist/-/minimist-0.0.8.tgz",
      "integrity": "sha1-hX/Kv8M5fSYluCKCYuhqp6ARsF0="
    },
    "mkdirp": {
      "version": "https://registry.npmjs.org/mkdirp/-/mkdirp-0.5.1.tgz",
      "integrity": "sha1-MAV0OOrGz3+MR2fzhkjWaX11yQM="
    },
    "mu2": {
      "version": "https://registry.npmjs.org/mu2/-/mu2-0.5.21.tgz",
      "integrity": "sha1-iIqPD9kOsc/anbgUdvbhmcyeWNM="
    },
    "rxjs": {
      "version": "https://registry.npmjs.org/rxjs/-/rxjs-5.4.0.tgz",
      "integrity": "sha1-p9sUqxV/nXqsalbmVeejhg05vyY="
    },
    "symbol-observable": {
      "version": "https://registry.npmjs.org/symbol-observable/-/symbol-observable-1.0.4.tgz",
      "integrity": "sha1-Kb9hXUqnEhvdiYsi1LP5vE4qoD0="
    }
  }
}
